
Microsoft Visual Studio Solution File, Format Version 12.00
# Visual Studio 15
VisualStudioVersion = 15.0.27428.2043
MinimumVisualStudioVersion = 10.0.40219.1
Project("{FAE04EC0-301F-11D3-BF4B-00C04F79EFBC}") = "MEFDevice", "MEFDevice\MEFDevice.csproj", "{04AA3DE2-4639-4245-A088-35B72112B8E5}"
EndProject
Project("{FAE04EC0-301F-11D3-BF4B-00C04F79EFBC}") = "DeviceInterface", "DeviceInterface\DeviceInterface.csproj", "{65F2B851-7979-4523-976D-40B7451715A1}"
EndProject
Project("{FAE04EC0-301F-11D3-BF4B-00C04F79EFBC}") = "ReceiptPrinter_XBY", "ReceiptPrinter_XBY\ReceiptPrinter_XBY.csproj", "{8EC3CEFB-0567-4D9E-A278-CE2F12574C6F}"
EndProject
Global
	GlobalSection(SolutionConfigurationPlatforms) = preSolution
		Debug|Any CPU = Debug|Any CPU
		Release|Any CPU = Release|Any CPU
	EndGlobalSection
	GlobalSection(ProjectConfigurationPlatforms) = postSolution
		{04AA3DE2-4639-4245-A088-35B72112B8E5}.Debug|Any CPU.ActiveCfg = Debug|Any CPU
		{04AA3DE2-4639-4245-A088-35B72112B8E5}.Debug|Any CPU.Build.0 = Debug|Any CPU
		{04AA3DE2-4639-4245-A088-35B72112B8E5}.Release|Any CPU.ActiveCfg = Release|Any CPU
		{04AA3DE2-4639-4245-A088-35B72112B8E5}.Release|Any CPU.Build.0 = Release|Any CPU
		{65F2B851-7979-4523-976D-40B7451715A1}.Debug|Any CPU.ActiveCfg = Debug|Any CPU
		{65F2B851-7979-4523-976D-40B7451715A1}.Debug|Any CPU.Build.0 = Debug|Any CPU
		{65F2B851-7979-4523-976D-40B7451715A1}.Release|Any CPU.ActiveCfg = Release|Any CPU
		{65F2B851-7979-4523-976D-40B7451715A1}.Release|Any CPU.Build.0 = Release|Any CPU
		{8EC3CEFB-0567-4D9E-A278-CE2F12574C6F}.Debug|Any CPU.ActiveCfg = Debug|Any CPU
		{8EC3CEFB-0567-4D9E-A278-CE2F12574C6F}.Debug|Any CPU.Build.0 = Debug|Any CPU
		{8EC3CEFB-0567-4D9E-A278-CE2F12574C6F}.Release|Any CPU.ActiveCfg = Release|Any CPU
		{8EC3CEFB-0567-4D9E-A278-CE2F12574C6F}.Release|Any CPU.Build.0 = Release|Any CPU
	EndGlobalSection
	GlobalSection(SolutionProperties) = preSolution
		HideSolutionNode = FALSE
	EndGlobalSection
	GlobalSection(ExtensibilityGlobals) = postSolution
		SolutionGuid = {E540B8D8-3B0A-4124-A7BA-69B4D118C57D}
	EndGlobalSection
EndGlobal
